
Microsoft Visual Studio Solution File, Format Version 12.00
# Visual Studio Version 16
VisualStudioVersion = 16.0.30907.101
MinimumVisualStudioVersion = 10.0.40219.1
Project("{9A19103F-16F7-4668-BE54-9A1E7A4F7556}") = "SimpleTrader.Domain", "SimpleTrader.Domain\SimpleTrader.Domain.csproj", "{59AF55D2-8189-4588-9113-4F69A7AECB26}"
EndProject
Project("{9A19103F-16F7-4668-BE54-9A1E7A4F7556}") = "SimpleTrader.EntityFramework", "SimpleTrader.EntityFramework\SimpleTrader.EntityFramework.csproj", "{C516B156-19D5-4367-9A7B-2313C480A20E}"
EndProject
Project("{FAE04EC0-301F-11D3-BF4B-00C04F79EFBC}") = "Test", "Test\Test.csproj", "{94F6C847-8A00-4D9D-AD60-F386528B47A6}"
EndProject
Global
	GlobalSection(SolutionConfigurationPlatforms) = preSolution
		Debug|Any CPU = Debug|Any CPU
		Release|Any CPU = Release|Any CPU
	EndGlobalSection
	GlobalSection(ProjectConfigurationPlatforms) = postSolution
		{59AF55D2-8189-4588-9113-4F69A7AECB26}.Debug|Any CPU.ActiveCfg = Debug|Any CPU
		{59AF55D2-8189-4588-9113-4F69A7AECB26}.Debug|Any CPU.Build.0 = Debug|Any CPU
		{59AF55D2-8189-4588-9113-4F69A7AECB26}.Release|Any CPU.ActiveCfg = Release|Any CPU
		{59AF55D2-8189-4588-9113-4F69A7AECB26}.Release|Any CPU.Build.0 = Release|Any CPU
		{C516B156-19D5-4367-9A7B-2313C480A20E}.Debug|Any CPU.ActiveCfg = Debug|Any CPU
		{C516B156-19D5-4367-9A7B-2313C480A20E}.Debug|Any CPU.Build.0 = Debug|Any CPU
		{C516B156-19D5-4367-9A7B-2313C480A20E}.Release|Any CPU.ActiveCfg = Release|Any CPU
		{C516B156-19D5-4367-9A7B-2313C480A20E}.Release|Any CPU.Build.0 = Release|Any CPU
		{94F6C847-8A00-4D9D-AD60-F386528B47A6}.Debug|Any CPU.ActiveCfg = Debug|Any CPU
		{94F6C847-8A00-4D9D-AD60-F386528B47A6}.Debug|Any CPU.Build.0 = Debug|Any CPU
		{94F6C847-8A00-4D9D-AD60-F386528B47A6}.Release|Any CPU.ActiveCfg = Release|Any CPU
		{94F6C847-8A00-4D9D-AD60-F386528B47A6}.Release|Any CPU.Build.0 = Release|Any CPU
	EndGlobalSection
	GlobalSection(SolutionProperties) = preSolution
		HideSolutionNode = FALSE
	EndGlobalSection
	GlobalSection(ExtensibilityGlobals) = postSolution
		SolutionGuid = {AD93F5E9-4547-46CA-89E3-ADCBF99CC3B1}
	EndGlobalSection
EndGlobal
